
Microsoft Visual Studio Solution File, Format Version 12.00
# Visual Studio Version 17
VisualStudioVersion = 17.7.34031.279
MinimumVisualStudioVersion = 10.0.40219.1
Project("{FAE04EC0-301F-11D3-BF4B-00C04F79EFBC}") = "NetFullstackReactLeagueAPI", "NetFullstackReactLeagueAPI.csproj", "{8EDE7515-476B-4289-8D64-80F7662459B6}"
EndProject
Global
	GlobalSection(SolutionConfigurationPlatforms) = preSolution
		Debug|Any CPU = Debug|Any CPU
		Release|Any CPU = Release|Any CPU
	EndGlobalSection
	GlobalSection(ProjectConfigurationPlatforms) = postSolution
		{8EDE7515-476B-4289-8D64-80F7662459B6}.Debug|Any CPU.ActiveCfg = Debug|Any CPU
		{8EDE7515-476B-4289-8D64-80F7662459B6}.Debug|Any CPU.Build.0 = Debug|Any CPU
		{8EDE7515-476B-4289-8D64-80F7662459B6}.Release|Any CPU.ActiveCfg = Release|Any CPU
		{8EDE7515-476B-4289-8D64-80F7662459B6}.Release|Any CPU.Build.0 = Release|Any CPU
	EndGlobalSection
	GlobalSection(SolutionProperties) = preSolution
		HideSolutionNode = FALSE
	EndGlobalSection
	GlobalSection(ExtensibilityGlobals) = postSolution
		SolutionGuid = {0C8F30C8-5E26-4BCD-9D6C-DC72205E32B8}
	EndGlobalSection
EndGlobal
